<?xml version="1.0" encoding="utf-8"?>
<Project ToolsVersion="4.0" xmlns="http://schemas.microsoft.com/developer/msbuild/2003">
  <ItemGroup>
    <Filter Include="Source Files">
      <UniqueIdentifier>{4FC737F1-C7A5-4376-A066-2A32D752A2FF}</UniqueIdentifier>
      <Extensions>cpp;c;cc;cxx;def;odl;idl;hpj;bat;asm;asmx</Extensions>
    </Filter>
    <Filter Include="Header Files">
      <UniqueIdentifier>{93995380-89BD-4b04-88EB-625FBE52EBFB}</UniqueIdentifier>
      <Extensions>h;hh;hpp;hxx;hm;inl;inc;xsd</Extensions>
    </Filter>
    <Filter Include="Header Files\Agents">
      <UniqueIdentifier>{8d593ea7-b21f-4a2d-81af-abbbc62c55d3}</UniqueIdentifier>
    </Filter>
    <Filter Include="Source Files\Agents">
      <UniqueIdentifier>{bf38f04a-f157-4541-bea4-1e3e9e9bb8a6}</UniqueIdentifier>
    </Filter>
    <Filter Include="Header Files\States">
      <UniqueIdentifier>{864099b2-b65e-4105-adcb-309eec0e97ab}</UniqueIdentifier>
    </Filter>
    <Filter Include="Header Files\StateMachines">
      <UniqueIdentifier>{fa92b159-42cd-4af6-b9ba-4d65814076ef}</UniqueIdentifier>
    </Filter>
    <Filter Include="Source Files\StateMachines">
      <UniqueIdentifier>{bb16eca6-80ac-4b1f-b59c-7f5d70bcbdc6}</UniqueIdentifier>
    </Filter>
    <Filter Include="Source Files\States">
      <UniqueIdentifier>{1bf40583-5c58-4fe6-bb2c-d1e7e1dbb81e}</UniqueIdentifier>
    </Filter>
  </ItemGroup>
  <ItemGroup>
    <ClCompile Include="Miner.cpp">
      <Filter>Source Files\Agents</Filter>
    </ClCompile>
    <ClCompile Include="MinerStateMachine.cpp">
      <Filter>Source Files\StateMachines</Filter>
    </ClCompile>
    <ClCompile Include="Idle.cpp">
      <Filter>Source Files\States</Filter>
    </ClCompile>
    <ClCompile Include="Mining.cpp">
      <Filter>Source Files\States</Filter>
    </ClCompile>
    <ClCompile Include="Walk.cpp">
      <Filter>Source Files\States</Filter>
    </ClCompile>
    <ClCompile Include="main.cpp">
      <Filter>Source Files</Filter>
    </ClCompile>
  </ItemGroup>
  <ItemGroup>
    <ClInclude Include="Agent.h">
      <Filter>Header Files\Agents</Filter>
    </ClInclude>
    <ClInclude Include="Miner.h">
      <Filter>Header Files\Agents</Filter>
    </ClInclude>
    <ClInclude Include="State.h">
      <Filter>Header Files\States</Filter>
    </ClInclude>
    <ClInclude Include="StateMachine.h">
      <Filter>Header Files\StateMachines</Filter>
    </ClInclude>
    <ClInclude Include="MinerStateMachine.h">
      <Filter>Header Files\StateMachines</Filter>
    </ClInclude>
    <ClInclude Include="Idle.h">
      <Filter>Header Files\States</Filter>
    </ClInclude>
    <ClInclude Include="Mining.h">
      <Filter>Header Files\States</Filter>
    </ClInclude>
    <ClInclude Include="Walk.h">
      <Filter>Header Files\States</Filter>
    </ClInclude>
  </ItemGroup>
</Project>